{
  "name": "asuntohintalaskuri",
  "version": "1.0.0",
  "lockfileVersion": 3,
  "requires": true,
  "packages": {
    "": {
      "name": "asuntohintalaskuri",
      "version": "1.0.0",
      "dependencies": {
        "ml-regression-multivariate-linear": "^2.0.4",
        "papaparse": "^5.7.0"
      }
    },
    "node_modules/is-any-array": {
      "version": "3.0.0",
      "resolved": "https://registry.npmjs.org/is-any-array/-/is-any-array-3.0.0.tgz",
      "integrity": "sha512-o4h+tylWykC4BD1vaejp6gDxoM13bwW8FGuNs4yIKpj8xbBJcRxJx8vZpq0dCr7ZDEfeKjmsi/euolKhX6f/ww==",
      "license": "MIT"
    },
    "node_modules/ml-array-max": {
      "version": "2.0.0",
      "resolved": "https://registry.npmjs.org/ml-array-max/-/ml-array-max-2.0.0.tgz",
      "integrity": "sha512-QQZ4kENwpWmyNb98UXRDFXrmtIXuXtt1+bSbda/2KA85+F+rrJP8hZk6QOkCQXM2Th9mUDYdq/PNByPdT9ID4A==",
      "license": "MIT",
      "dependencies": {
        "is-any-array": "^3.0.0"
      }
    },
    "node_modules/ml-array-min": {
      "version": "2.0.0",
      "resolved": "https://registry.npmjs.org/ml-array-min/-/ml-array-min-2.0.0.tgz",
      "integrity": "sha512-GRj6Ky6sW9vGL6yIjgsHmXZ9YgrdmcQ8nCxPqEGeKc6dkfYg1XDYxGFxADUjNuZyoCd5PUscWAS4N+cFaX6hFg==",
      "license": "MIT",
      "dependencies": {
        "is-any-array": "^3.0.0"
      }
    },
    "node_modules/ml-array-rescale": {
      "version": "2.0.0",
      "resolved": "https://registry.npmjs.org/ml-array-rescale/-/ml-array-rescale-2.0.0.tgz",
      "integrity": "sha512-2GGtKfSno94/kIloWGvpp/U5Q5vLvLrza+SAaGsLeo6Xj4mEbA6Gqx+oTfZFkxnd1grT2X007HfJNs3T5BsiVg==",
      "license": "MIT",
      "dependencies": {
        "is-any-array": "^3.0.0",
        "ml-array-max": "^2.0.0",
        "ml-array-min": "^2.0.0"
      }
    },
    "node_modules/ml-matrix": {
      "version": "6.15.0",
      "resolved": "https://registry.npmjs.org/ml-matrix/-/ml-matrix-6.15.0.tgz",
      "integrity": "sha512-wFa1v6KP8bKp+fj0nYmRs1Pb5K4zRkXGKsOvLinvILENFIADncm4XlOI+S1M7yuACMGfI6cfk0IifDgd4j5xmw==",
      "license": "MIT",
      "dependencies": {
        "is-any-array": "^3.0.0",
        "ml-array-rescale": "^2.0.0"
      }
    },
    "node_modules/ml-regression-multivariate-linear": {
      "version": "2.0.4",
      "resolved": "https://registry.npmjs.org/ml-regression-multivariate-linear/-/ml-regression-multivariate-linear-2.0.4.tgz",
      "integrity": "sha512-/vShPAlP+mB7P2mC5TuXwObSJNl/UBI71/bszt9ilTg6yLKy6btDLpAYyJNa6t+JnL5a7q+Yy4dCltfpvqXRIw==",
      "license": "MIT",
      "dependencies": {
        "ml-matrix": "^6.10.1"
      }
    },
    "node_modules/papaparse": {
      "version": "5.7.0",
      "resolved": "https://registry.npmjs.org/papaparse/-/papaparse-5.7.0.tgz",
      "integrity": "sha512-qBGxg/7Q3Kl9Wfhrz2Z74UnvnHTXLNG6jmKJFeBvP2+y4lV7So+7SR62+Zd47JvdrCkX+nDcnr0ObPzek/+6RA==",
      "license": "MIT"
    }
  }
}
